
Microsoft Visual Studio Solution File, Format Version 12.00
# Visual Studio Version 17
VisualStudioVersion = 17.4.33213.308
MinimumVisualStudioVersion = 10.0.40219.1
Project("{FAE04EC0-301F-11D3-BF4B-00C04F79EFBC}") = "proyectoReloj", "proyectoReloj\proyectoReloj.csproj", "{9FBC21A4-E00F-4096-9390-C12FE3783373}"
EndProject
Global
	GlobalSection(SolutionConfigurationPlatforms) = preSolution
		Debug|Any CPU = Debug|Any CPU
		Release|Any CPU = Release|Any CPU
	EndGlobalSection
	GlobalSection(ProjectConfigurationPlatforms) = postSolution
		{9FBC21A4-E00F-4096-9390-C12FE3783373}.Debug|Any CPU.ActiveCfg = Debug|Any CPU
		{9FBC21A4-E00F-4096-9390-C12FE3783373}.Debug|Any CPU.Build.0 = Debug|Any CPU
		{9FBC21A4-E00F-4096-9390-C12FE3783373}.Release|Any CPU.ActiveCfg = Release|Any CPU
		{9FBC21A4-E00F-4096-9390-C12FE3783373}.Release|Any CPU.Build.0 = Release|Any CPU
	EndGlobalSection
	GlobalSection(SolutionProperties) = preSolution
		HideSolutionNode = FALSE
	EndGlobalSection
	GlobalSection(ExtensibilityGlobals) = postSolution
		SolutionGuid = {869507B7-12C1-47A2-9AA7-B09513BB0797}
	EndGlobalSection
EndGlobal
